#MicroXplorer Configuration settings - do not modify
#Sun Aug 31 21:33:31 EDT 2014
File.Version=1
KeepUserPlacement=false
Mcu.Family=STM32F1
Mcu.IP0=SPI1
Mcu.IP1=SPI2
Mcu.IP2=SYS
Mcu.IP3=USART1
Mcu.IP4=USB
Mcu.IPNb=5
Mcu.Name=STM32F103R(8-B)Tx
Mcu.Package=LQFP64
Mcu.Pin0=PC14-OSC32_IN
Mcu.Pin1=PC15-OSC32_OUT
Mcu.Pin10=PA2
Mcu.Pin11=PA4
Mcu.Pin12=PA5
Mcu.Pin13=PA6
Mcu.Pin14=PA7
Mcu.Pin15=PC4
Mcu.Pin16=PC5
Mcu.Pin17=PB0
Mcu.Pin18=PB1
Mcu.Pin19=PB2
Mcu.Pin2=PD0-OSC_IN
Mcu.Pin20=PB13
Mcu.Pin21=PB14
Mcu.Pin22=PB15
Mcu.Pin23=PC6
Mcu.Pin24=PC7
Mcu.Pin25=PC8
Mcu.Pin26=PC9
Mcu.Pin27=PA8
Mcu.Pin28=PA9
Mcu.Pin29=PA10
Mcu.Pin3=PD1-OSC_OUT
Mcu.Pin30=PA11
Mcu.Pin31=PA12
Mcu.Pin32=PA13
Mcu.Pin33=PA14
Mcu.Pin34=PA15
Mcu.Pin35=PC10
Mcu.Pin36=PC11
Mcu.Pin37=PC12
Mcu.Pin38=PD2
Mcu.Pin39=PB3
Mcu.Pin4=PC0
Mcu.Pin40=PB4
Mcu.Pin41=PB5
Mcu.Pin42=PB6
Mcu.Pin43=PB7
Mcu.Pin5=PC1
Mcu.Pin6=PC2
Mcu.Pin7=PC3
Mcu.Pin8=PA0-WKUP
Mcu.Pin9=PA1
Mcu.PinsNb=44
Mcu.UserName=STM32F103RBTx
PA0-WKUP.GPIOParameters=GPIO_Label
PA0-WKUP.GPIO_Label=BUTTON_B
PA0-WKUP.Signal=GPIO_Input
PA1.GPIOParameters=GPIO_Label
PA1.GPIO_Label=BUTTON_C
PA1.Signal=GPIO_Input
PA10.Locked=true
PA10.Mode=Asynchronous
PA10.Signal=USART1_RX
PA11.Locked=true
PA11.Mode=Dummy
PA11.Signal=USB_DM
PA12.Locked=true
PA12.Mode=Dummy
PA12.Signal=USB_DP
PA13.Locked=true
PA13.Mode=Serial-Wire
PA13.Signal=SYS_JTMS-SWDIO
PA14.Locked=true
PA14.Mode=Serial-Wire
PA14.Signal=SYS_JTCK-SWCLK
PA15.GPIOParameters=GPIO_Label
PA15.GPIO_Label=LCD_EN
PA15.Locked=true
PA15.Signal=GPIO_Output
PA2.GPIOParameters=GPIO_Label
PA2.GPIO_Label=BUTTON_D
PA2.Signal=GPIO_Input
PA4.GPIOParameters=GPIO_Label
PA4.GPIO_Label=ENV28J60CS_INT
PA4.Locked=true
PA4.Signal=GPIO_Input
PA5.Locked=true
PA5.Mode=Full-Duplex-Master
PA5.Signal=SPI1_SCK
PA6.Locked=true
PA6.Mode=Full-Duplex-Master
PA6.Signal=SPI1_MISO
PA7.Locked=true
PA7.Mode=Full-Duplex-Master
PA7.Signal=SPI1_MOSI
PA8.GPIOParameters=GPIO_Label
PA8.GPIO_Label=FAN_PWM
PA8.Signal=GPIO_Output
PA9.Locked=true
PA9.Mode=Asynchronous
PA9.Signal=USART1_TX
PB0.GPIOParameters=GPIO_Label
PB0.GPIO_Label=LCD_DATA_0
PB0.Locked=true
PB0.Signal=GPIO_Output
PB1.GPIOParameters=GPIO_Label
PB1.GPIO_Label=LCD_DATA_1
PB1.Locked=true
PB1.Signal=GPIO_Output
PB13.Locked=true
PB13.Mode=Full-Duplex-Master
PB13.Signal=SPI2_SCK
PB14.Locked=true
PB14.Mode=Full-Duplex-Master
PB14.Signal=SPI2_MISO
PB15.Locked=true
PB15.Mode=Full-Duplex-Master
PB15.Signal=SPI2_MOSI
PB2.GPIOParameters=GPIO_Label
PB2.GPIO_Label=LCD_DATA_2
PB2.Locked=true
PB2.Signal=GPIO_Output
PB3.GPIOParameters=GPIO_Label
PB3.GPIO_Label=LCD_DATA_3
PB3.Locked=true
PB3.Signal=GPIO_Output
PB4.GPIOParameters=GPIO_Label
PB4.GPIO_Label=LCD_DATA_4
PB4.Locked=true
PB4.Signal=GPIO_Output
PB5.GPIOParameters=GPIO_Label
PB5.GPIO_Label=LCD_DATA_5
PB5.Locked=true
PB5.Signal=GPIO_Output
PB6.GPIOParameters=GPIO_Label
PB6.GPIO_Label=LCD_DATA_6
PB6.Locked=true
PB6.Signal=GPIO_Output
PB7.GPIOParameters=GPIO_Label
PB7.GPIO_Label=LCD_DATA_7
PB7.Locked=true
PB7.Signal=GPIO_Output
PC0.GPIOParameters=GPIO_Label
PC0.GPIO_Label=ENCODER_A
PC0.Signal=GPIO_Input
PC1.GPIOParameters=GPIO_Label
PC1.GPIO_Label=ENCODER_B
PC1.Signal=GPIO_Input
PC10.GPIOParameters=GPIO_Label
PC10.GPIO_Label=LCD_RW
PC10.Locked=true
PC10.Signal=GPIO_Output
PC11.GPIOParameters=GPIO_Label
PC11.GPIO_Label=LCD_RESET
PC11.Locked=true
PC11.Signal=GPIO_Output
PC12.GPIOParameters=GPIO_Label
PC12.GPIO_Label=LCD_CS
PC12.Locked=true
PC12.Signal=GPIO_Output
PC14-OSC32_IN.Locked=true
PC14-OSC32_IN.Mode=LSE-External-Oscillator
PC14-OSC32_IN.Signal=SYS_OSC32_IN
PC15-OSC32_OUT.Locked=true
PC15-OSC32_OUT.Mode=LSE-External-Oscillator
PC15-OSC32_OUT.Signal=SYS_OSC32_OUT
PC2.GPIOParameters=GPIO_Label
PC2.GPIO_Label=BUTTON_ENCODER
PC2.Signal=GPIO_Input
PC3.GPIOParameters=GPIO_Label
PC3.GPIO_Label=BUTTON_A
PC3.Signal=GPIO_Input
PC4.GPIOParameters=GPIO_Label
PC4.GPIO_Label=ENV28J60CS_CS
PC4.Locked=true
PC4.Signal=GPIO_Output
PC5.GPIOParameters=GPIO_Label
PC5.GPIO_Label=ENV28J60CS_RESET
PC5.Locked=true
PC5.Signal=GPIO_Output
PC6.GPIOParameters=GPIO_Label
PC6.GPIO_Label=ADC_CS
PC6.Locked=true
PC6.Signal=GPIO_Output
PC7.GPIOParameters=GPIO_Label
PC7.GPIO_Label=DAC_CS
PC7.Locked=true
PC7.Signal=GPIO_Output
PC8.GPIOParameters=GPIO_Label
PC8.GPIO_Label=FLASH_CS
PC8.Locked=true
PC8.Signal=GPIO_Output
PC9.GPIOParameters=GPIO_Label
PC9.GPIO_Label=MAC_CS
PC9.Locked=true
PC9.Signal=GPIO_Output
PD0-OSC_IN.Locked=true
PD0-OSC_IN.Mode=HSE-External-Oscillator
PD0-OSC_IN.Signal=SYS_OSC_IN
PD1-OSC_OUT.Locked=true
PD1-OSC_OUT.Mode=HSE-External-Oscillator
PD1-OSC_OUT.Signal=SYS_OSC_OUT
PD2.GPIOParameters=GPIO_Label
PD2.GPIO_Label=LCD_DC
PD2.Locked=true
PD2.Signal=GPIO_Output
